
Microsoft Visual Studio Solution File, Format Version 12.00
# Visual Studio Version 16
VisualStudioVersion = 16.0.30717.126
MinimumVisualStudioVersion = 10.0.40219.1
Project("{9A19103F-16F7-4668-BE54-9A1E7A4F7556}") = "Day01", "Day01\Day01.csproj", "{BE420ED2-978D-401A-B83D-89DD7030D7EA}"
EndProject
Project("{2150E333-8FDC-42A3-9474-1A3956D46DE8}") = "Solution Items", "Solution Items", "{97032F92-8A8E-4311-8103-A9E4BCF176A5}"
	ProjectSection(SolutionItems) = preProject
		.editorconfig = .editorconfig
	EndProjectSection
EndProject
Project("{9A19103F-16F7-4668-BE54-9A1E7A4F7556}") = "Day02", "Day02\Day02.csproj", "{699C05CE-D379-4C19-A5C1-E99FD5CB8076}"
EndProject
Project("{9A19103F-16F7-4668-BE54-9A1E7A4F7556}") = "Day03", "Day03\Day03.csproj", "{C67297C0-678F-479A-931F-AAA31C58EB92}"
EndProject
Project("{9A19103F-16F7-4668-BE54-9A1E7A4F7556}") = "Day04", "Day04\Day04.csproj", "{653EE43E-937A-409D-A86E-1934C7500AC3}"
EndProject
Project("{9A19103F-16F7-4668-BE54-9A1E7A4F7556}") = "Day05", "Day05\Day05.csproj", "{89CDE782-81FD-48DB-A907-268EAFBE0412}"
EndProject
Project("{9A19103F-16F7-4668-BE54-9A1E7A4F7556}") = "Day06", "Day06\Day06.csproj", "{9901450C-935D-470D-8858-17C7AA879077}"
EndProject
Project("{9A19103F-16F7-4668-BE54-9A1E7A4F7556}") = "Day07", "Day07\Day07.csproj", "{22CEC4F5-4FE3-4B6B-8777-DCAF78282FB2}"
EndProject
Project("{9A19103F-16F7-4668-BE54-9A1E7A4F7556}") = "Day08", "Day08\Day08.csproj", "{515AD36E-0E4C-4F69-BC1A-627FDB5DE20B}"
EndProject
Project("{9A19103F-16F7-4668-BE54-9A1E7A4F7556}") = "HgcEmulator", "HgcEmulator\HgcEmulator.csproj", "{582D44FB-2781-4AF8-BE1F-54450EEFC6C4}"
EndProject
Project("{9A19103F-16F7-4668-BE54-9A1E7A4F7556}") = "Day09", "Day09\Day09.csproj", "{107797D3-EA6C-4471-8183-1A7F1EC4C80A}"
EndProject
Project("{9A19103F-16F7-4668-BE54-9A1E7A4F7556}") = "Day10", "Day10\Day10.csproj", "{EDBCBDD7-0B28-41B4-A2B5-4181FCBA88A0}"
EndProject
Project("{9A19103F-16F7-4668-BE54-9A1E7A4F7556}") = "Day11", "Day11\Day11.csproj", "{7159719A-1717-418E-AB7F-0E5E5F43D3B7}"
EndProject
Project("{9A19103F-16F7-4668-BE54-9A1E7A4F7556}") = "Day12", "Day12\Day12.csproj", "{A7B5E0EA-7610-4C9B-93F9-3C2D9F9410C4}"
EndProject
Project("{9A19103F-16F7-4668-BE54-9A1E7A4F7556}") = "Day13", "Day13\Day13.csproj", "{83E8A28A-6851-4CA2-A662-65AB39091FB4}"
EndProject
Project("{9A19103F-16F7-4668-BE54-9A1E7A4F7556}") = "Day14", "Day14\Day14.csproj", "{B3F66B2F-C98E-49B6-AE5B-592CB3EB7FB4}"
EndProject
Project("{9A19103F-16F7-4668-BE54-9A1E7A4F7556}") = "Day15", "Day15\Day15.csproj", "{AC95FD7D-63B1-4FB7-A932-0B1A8F276FB8}"
EndProject
Project("{9A19103F-16F7-4668-BE54-9A1E7A4F7556}") = "Day16", "Day16\Day16.csproj", "{33640CB5-86FE-408A-B769-1B5A997B59CD}"
EndProject
Project("{9A19103F-16F7-4668-BE54-9A1E7A4F7556}") = "Day17", "Day17\Day17.csproj", "{3A6808DC-E3BF-4195-822D-A7B308E7C313}"
EndProject
Project("{9A19103F-16F7-4668-BE54-9A1E7A4F7556}") = "Day18", "Day18\Day18.csproj", "{0B178117-1505-47E8-B0A2-619A88B35C92}"
EndProject
Project("{9A19103F-16F7-4668-BE54-9A1E7A4F7556}") = "Day19", "Day19\Day19.csproj", "{28A09C42-E169-43FB-A593-FC5FFC8F9474}"
EndProject
Project("{FAE04EC0-301F-11D3-BF4B-00C04F79EFBC}") = "Day20", "Day20\Day20.csproj", "{4E60D211-1405-4F65-BFA5-6724D76B35FA}"
EndProject
Global
	GlobalSection(SolutionConfigurationPlatforms) = preSolution
		Debug|Any CPU = Debug|Any CPU
		Release|Any CPU = Release|Any CPU
	EndGlobalSection
	GlobalSection(ProjectConfigurationPlatforms) = postSolution
		{BE420ED2-978D-401A-B83D-89DD7030D7EA}.Debug|Any CPU.ActiveCfg = Debug|Any CPU
		{BE420ED2-978D-401A-B83D-89DD7030D7EA}.Debug|Any CPU.Build.0 = Debug|Any CPU
		{BE420ED2-978D-401A-B83D-89DD7030D7EA}.Release|Any CPU.ActiveCfg = Release|Any CPU
		{BE420ED2-978D-401A-B83D-89DD7030D7EA}.Release|Any CPU.Build.0 = Release|Any CPU
		{699C05CE-D379-4C19-A5C1-E99FD5CB8076}.Debug|Any CPU.ActiveCfg = Debug|Any CPU
		{699C05CE-D379-4C19-A5C1-E99FD5CB8076}.Debug|Any CPU.Build.0 = Debug|Any CPU
		{699C05CE-D379-4C19-A5C1-E99FD5CB8076}.Release|Any CPU.ActiveCfg = Release|Any CPU
		{699C05CE-D379-4C19-A5C1-E99FD5CB8076}.Release|Any CPU.Build.0 = Release|Any CPU
		{C67297C0-678F-479A-931F-AAA31C58EB92}.Debug|Any CPU.ActiveCfg = Debug|Any CPU
		{C67297C0-678F-479A-931F-AAA31C58EB92}.Debug|Any CPU.Build.0 = Debug|Any CPU
		{C67297C0-678F-479A-931F-AAA31C58EB92}.Release|Any CPU.ActiveCfg = Release|Any CPU
		{C67297C0-678F-479A-931F-AAA31C58EB92}.Release|Any CPU.Build.0 = Release|Any CPU
		{653EE43E-937A-409D-A86E-1934C7500AC3}.Debug|Any CPU.ActiveCfg = Debug|Any CPU
		{653EE43E-937A-409D-A86E-1934C7500AC3}.Debug|Any CPU.Build.0 = Debug|Any CPU
		{653EE43E-937A-409D-A86E-1934C7500AC3}.Release|Any CPU.ActiveCfg = Release|Any CPU
		{653EE43E-937A-409D-A86E-1934C7500AC3}.Release|Any CPU.Build.0 = Release|Any CPU
		{89CDE782-81FD-48DB-A907-268EAFBE0412}.Debug|Any CPU.ActiveCfg = Debug|Any CPU
		{89CDE782-81FD-48DB-A907-268EAFBE0412}.Debug|Any CPU.Build.0 = Debug|Any CPU
		{89CDE782-81FD-48DB-A907-268EAFBE0412}.Release|Any CPU.ActiveCfg = Release|Any CPU
		{89CDE782-81FD-48DB-A907-268EAFBE0412}.Release|Any CPU.Build.0 = Release|Any CPU
		{9901450C-935D-470D-8858-17C7AA879077}.Debug|Any CPU.ActiveCfg = Debug|Any CPU
		{9901450C-935D-470D-8858-17C7AA879077}.Debug|Any CPU.Build.0 = Debug|Any CPU
		{9901450C-935D-470D-8858-17C7AA879077}.Release|Any CPU.ActiveCfg = Release|Any CPU
		{9901450C-935D-470D-8858-17C7AA879077}.Release|Any CPU.Build.0 = Release|Any CPU
		{22CEC4F5-4FE3-4B6B-8777-DCAF78282FB2}.Debug|Any CPU.ActiveCfg = Debug|Any CPU
		{22CEC4F5-4FE3-4B6B-8777-DCAF78282FB2}.Debug|Any CPU.Build.0 = Debug|Any CPU
		{22CEC4F5-4FE3-4B6B-8777-DCAF78282FB2}.Release|Any CPU.ActiveCfg = Release|Any CPU
		{22CEC4F5-4FE3-4B6B-8777-DCAF78282FB2}.Release|Any CPU.Build.0 = Release|Any CPU
		{515AD36E-0E4C-4F69-BC1A-627FDB5DE20B}.Debug|Any CPU.ActiveCfg = Debug|Any CPU
		{515AD36E-0E4C-4F69-BC1A-627FDB5DE20B}.Debug|Any CPU.Build.0 = Debug|Any CPU
		{515AD36E-0E4C-4F69-BC1A-627FDB5DE20B}.Release|Any CPU.ActiveCfg = Release|Any CPU
		{515AD36E-0E4C-4F69-BC1A-627FDB5DE20B}.Release|Any CPU.Build.0 = Release|Any CPU
		{582D44FB-2781-4AF8-BE1F-54450EEFC6C4}.Debug|Any CPU.ActiveCfg = Debug|Any CPU
		{582D44FB-2781-4AF8-BE1F-54450EEFC6C4}.Debug|Any CPU.Build.0 = Debug|Any CPU
		{582D44FB-2781-4AF8-BE1F-54450EEFC6C4}.Release|Any CPU.ActiveCfg = Release|Any CPU
		{582D44FB-2781-4AF8-BE1F-54450EEFC6C4}.Release|Any CPU.Build.0 = Release|Any CPU
		{107797D3-EA6C-4471-8183-1A7F1EC4C80A}.Debug|Any CPU.ActiveCfg = Debug|Any CPU
		{107797D3-EA6C-4471-8183-1A7F1EC4C80A}.Debug|Any CPU.Build.0 = Debug|Any CPU
		{107797D3-EA6C-4471-8183-1A7F1EC4C80A}.Release|Any CPU.ActiveCfg = Release|Any CPU
		{107797D3-EA6C-4471-8183-1A7F1EC4C80A}.Release|Any CPU.Build.0 = Release|Any CPU
		{EDBCBDD7-0B28-41B4-A2B5-4181FCBA88A0}.Debug|Any CPU.ActiveCfg = Debug|Any CPU
		{EDBCBDD7-0B28-41B4-A2B5-4181FCBA88A0}.Debug|Any CPU.Build.0 = Debug|Any CPU
		{EDBCBDD7-0B28-41B4-A2B5-4181FCBA88A0}.Release|Any CPU.ActiveCfg = Release|Any CPU
		{EDBCBDD7-0B28-41B4-A2B5-4181FCBA88A0}.Release|Any CPU.Build.0 = Release|Any CPU
		{7159719A-1717-418E-AB7F-0E5E5F43D3B7}.Debug|Any CPU.ActiveCfg = Debug|Any CPU
		{7159719A-1717-418E-AB7F-0E5E5F43D3B7}.Debug|Any CPU.Build.0 = Debug|Any CPU
		{7159719A-1717-418E-AB7F-0E5E5F43D3B7}.Release|Any CPU.ActiveCfg = Release|Any CPU
		{7159719A-1717-418E-AB7F-0E5E5F43D3B7}.Release|Any CPU.Build.0 = Release|Any CPU
		{A7B5E0EA-7610-4C9B-93F9-3C2D9F9410C4}.Debug|Any CPU.ActiveCfg = Debug|Any CPU
		{A7B5E0EA-7610-4C9B-93F9-3C2D9F9410C4}.Debug|Any CPU.Build.0 = Debug|Any CPU
		{A7B5E0EA-7610-4C9B-93F9-3C2D9F9410C4}.Release|Any CPU.ActiveCfg = Release|Any CPU
		{A7B5E0EA-7610-4C9B-93F9-3C2D9F9410C4}.Release|Any CPU.Build.0 = Release|Any CPU
		{83E8A28A-6851-4CA2-A662-65AB39091FB4}.Debug|Any CPU.ActiveCfg = Debug|Any CPU
		{83E8A28A-6851-4CA2-A662-65AB39091FB4}.Debug|Any CPU.Build.0 = Debug|Any CPU
		{83E8A28A-6851-4CA2-A662-65AB39091FB4}.Release|Any CPU.ActiveCfg = Release|Any CPU
		{83E8A28A-6851-4CA2-A662-65AB39091FB4}.Release|Any CPU.Build.0 = Release|Any CPU
		{B3F66B2F-C98E-49B6-AE5B-592CB3EB7FB4}.Debug|Any CPU.ActiveCfg = Debug|Any CPU
		{B3F66B2F-C98E-49B6-AE5B-592CB3EB7FB4}.Debug|Any CPU.Build.0 = Debug|Any CPU
		{B3F66B2F-C98E-49B6-AE5B-592CB3EB7FB4}.Release|Any CPU.ActiveCfg = Release|Any CPU
		{B3F66B2F-C98E-49B6-AE5B-592CB3EB7FB4}.Release|Any CPU.Build.0 = Release|Any CPU
		{AC95FD7D-63B1-4FB7-A932-0B1A8F276FB8}.Debug|Any CPU.ActiveCfg = Debug|Any CPU
		{AC95FD7D-63B1-4FB7-A932-0B1A8F276FB8}.Debug|Any CPU.Build.0 = Debug|Any CPU
		{AC95FD7D-63B1-4FB7-A932-0B1A8F276FB8}.Release|Any CPU.ActiveCfg = Release|Any CPU
		{AC95FD7D-63B1-4FB7-A932-0B1A8F276FB8}.Release|Any CPU.Build.0 = Release|Any CPU
		{33640CB5-86FE-408A-B769-1B5A997B59CD}.Debug|Any CPU.ActiveCfg = Debug|Any CPU
		{33640CB5-86FE-408A-B769-1B5A997B59CD}.Debug|Any CPU.Build.0 = Debug|Any CPU
		{33640CB5-86FE-408A-B769-1B5A997B59CD}.Release|Any CPU.ActiveCfg = Release|Any CPU
		{33640CB5-86FE-408A-B769-1B5A997B59CD}.Release|Any CPU.Build.0 = Release|Any CPU
		{3A6808DC-E3BF-4195-822D-A7B308E7C313}.Debug|Any CPU.ActiveCfg = Debug|Any CPU
		{3A6808DC-E3BF-4195-822D-A7B308E7C313}.Debug|Any CPU.Build.0 = Debug|Any CPU
		{3A6808DC-E3BF-4195-822D-A7B308E7C313}.Release|Any CPU.ActiveCfg = Release|Any CPU
		{3A6808DC-E3BF-4195-822D-A7B308E7C313}.Release|Any CPU.Build.0 = Release|Any CPU
		{0B178117-1505-47E8-B0A2-619A88B35C92}.Debug|Any CPU.ActiveCfg = Debug|Any CPU
		{0B178117-1505-47E8-B0A2-619A88B35C92}.Debug|Any CPU.Build.0 = Debug|Any CPU
		{0B178117-1505-47E8-B0A2-619A88B35C92}.Release|Any CPU.ActiveCfg = Release|Any CPU
		{0B178117-1505-47E8-B0A2-619A88B35C92}.Release|Any CPU.Build.0 = Release|Any CPU
		{28A09C42-E169-43FB-A593-FC5FFC8F9474}.Debug|Any CPU.ActiveCfg = Debug|Any CPU
		{28A09C42-E169-43FB-A593-FC5FFC8F9474}.Debug|Any CPU.Build.0 = Debug|Any CPU
		{28A09C42-E169-43FB-A593-FC5FFC8F9474}.Release|Any CPU.ActiveCfg = Release|Any CPU
		{28A09C42-E169-43FB-A593-FC5FFC8F9474}.Release|Any CPU.Build.0 = Release|Any CPU
		{4E60D211-1405-4F65-BFA5-6724D76B35FA}.Debug|Any CPU.ActiveCfg = Debug|Any CPU
		{4E60D211-1405-4F65-BFA5-6724D76B35FA}.Debug|Any CPU.Build.0 = Debug|Any CPU
		{4E60D211-1405-4F65-BFA5-6724D76B35FA}.Release|Any CPU.ActiveCfg = Release|Any CPU
		{4E60D211-1405-4F65-BFA5-6724D76B35FA}.Release|Any CPU.Build.0 = Release|Any CPU
	EndGlobalSection
	GlobalSection(SolutionProperties) = preSolution
		HideSolutionNode = FALSE
	EndGlobalSection
	GlobalSection(ExtensibilityGlobals) = postSolution
		SolutionGuid = {9C76FBE5-E65A-4030-986D-6A45BE91073E}
	EndGlobalSection
EndGlobal
